
Microsoft Visual Studio Solution File, Format Version 12.00
# Visual Studio Version 16
VisualStudioVersion = 16.0.31410.357
MinimumVisualStudioVersion = 10.0.40219.1
Project("{FAE04EC0-301F-11D3-BF4B-00C04F79EFBC}") = "AlignColumns1", "AlignColumns1\AlignColumns1.csproj", "{A0AD08FB-8673-4C21-97AE-D38D1E546ACB}"
EndProject
Global
	GlobalSection(SolutionConfigurationPlatforms) = preSolution
		Debug|Any CPU = Debug|Any CPU
		Release|Any CPU = Release|Any CPU
	EndGlobalSection
	GlobalSection(ProjectConfigurationPlatforms) = postSolution
		{A0AD08FB-8673-4C21-97AE-D38D1E546ACB}.Debug|Any CPU.ActiveCfg = Debug|Any CPU
		{A0AD08FB-8673-4C21-97AE-D38D1E546ACB}.Debug|Any CPU.Build.0 = Debug|Any CPU
		{A0AD08FB-8673-4C21-97AE-D38D1E546ACB}.Release|Any CPU.ActiveCfg = Release|Any CPU
		{A0AD08FB-8673-4C21-97AE-D38D1E546ACB}.Release|Any CPU.Build.0 = Release|Any CPU
	EndGlobalSection
	GlobalSection(SolutionProperties) = preSolution
		HideSolutionNode = FALSE
	EndGlobalSection
	GlobalSection(ExtensibilityGlobals) = postSolution
		SolutionGuid = {8D5686B3-FF4A-4CA8-8E45-E5CFA04DF679}
	EndGlobalSection
EndGlobal
