
Microsoft Visual Studio Solution File, Format Version 12.00
# Visual Studio Version 16
VisualStudioVersion = 16.0.31410.357
MinimumVisualStudioVersion = 10.0.40219.1
Project("{FAE04EC0-301F-11D3-BF4B-00C04F79EFBC}") = "AlignColumns2", "AlignColumns2\AlignColumns2.csproj", "{DACFCCC7-E6AA-427E-9467-0B317BD60D96}"
EndProject
Global
	GlobalSection(SolutionConfigurationPlatforms) = preSolution
		Debug|Any CPU = Debug|Any CPU
		Release|Any CPU = Release|Any CPU
	EndGlobalSection
	GlobalSection(ProjectConfigurationPlatforms) = postSolution
		{DACFCCC7-E6AA-427E-9467-0B317BD60D96}.Debug|Any CPU.ActiveCfg = Debug|Any CPU
		{DACFCCC7-E6AA-427E-9467-0B317BD60D96}.Debug|Any CPU.Build.0 = Debug|Any CPU
		{DACFCCC7-E6AA-427E-9467-0B317BD60D96}.Release|Any CPU.ActiveCfg = Release|Any CPU
		{DACFCCC7-E6AA-427E-9467-0B317BD60D96}.Release|Any CPU.Build.0 = Release|Any CPU
	EndGlobalSection
	GlobalSection(SolutionProperties) = preSolution
		HideSolutionNode = FALSE
	EndGlobalSection
	GlobalSection(ExtensibilityGlobals) = postSolution
		SolutionGuid = {9B0E1BB7-F670-4449-B34D-F99A88A479EE}
	EndGlobalSection
EndGlobal
