
Microsoft Visual Studio Solution File, Format Version 12.00
# Visual Studio Version 16
VisualStudioVersion = 16.0.31410.357
MinimumVisualStudioVersion = 10.0.40219.1
Project("{FAE04EC0-301F-11D3-BF4B-00C04F79EFBC}") = "PolymorphicCopy", "PolymorphicCopy\PolymorphicCopy.csproj", "{4C73A5B1-B733-4BD2-8F5C-56E7362CE55B}"
EndProject
Global
	GlobalSection(SolutionConfigurationPlatforms) = preSolution
		Debug|Any CPU = Debug|Any CPU
		Release|Any CPU = Release|Any CPU
	EndGlobalSection
	GlobalSection(ProjectConfigurationPlatforms) = postSolution
		{4C73A5B1-B733-4BD2-8F5C-56E7362CE55B}.Debug|Any CPU.ActiveCfg = Debug|Any CPU
		{4C73A5B1-B733-4BD2-8F5C-56E7362CE55B}.Debug|Any CPU.Build.0 = Debug|Any CPU
		{4C73A5B1-B733-4BD2-8F5C-56E7362CE55B}.Release|Any CPU.ActiveCfg = Release|Any CPU
		{4C73A5B1-B733-4BD2-8F5C-56E7362CE55B}.Release|Any CPU.Build.0 = Release|Any CPU
	EndGlobalSection
	GlobalSection(SolutionProperties) = preSolution
		HideSolutionNode = FALSE
	EndGlobalSection
	GlobalSection(ExtensibilityGlobals) = postSolution
		SolutionGuid = {99EE30F8-D7ED-4DE0-97BE-1E8255DAF8B3}
	EndGlobalSection
EndGlobal
