
Microsoft Visual Studio Solution File, Format Version 12.00
# Visual Studio Version 16
VisualStudioVersion = 16.0.31410.357
MinimumVisualStudioVersion = 10.0.40219.1
Project("{FAE04EC0-301F-11D3-BF4B-00C04F79EFBC}") = "WordWrap", "WordWrap\WordWrap.csproj", "{B6C143CB-E862-4812-98B6-38FE1C6AC86D}"
EndProject
Global
	GlobalSection(SolutionConfigurationPlatforms) = preSolution
		Debug|Any CPU = Debug|Any CPU
		Release|Any CPU = Release|Any CPU
	EndGlobalSection
	GlobalSection(ProjectConfigurationPlatforms) = postSolution
		{B6C143CB-E862-4812-98B6-38FE1C6AC86D}.Debug|Any CPU.ActiveCfg = Debug|Any CPU
		{B6C143CB-E862-4812-98B6-38FE1C6AC86D}.Debug|Any CPU.Build.0 = Debug|Any CPU
		{B6C143CB-E862-4812-98B6-38FE1C6AC86D}.Release|Any CPU.ActiveCfg = Release|Any CPU
		{B6C143CB-E862-4812-98B6-38FE1C6AC86D}.Release|Any CPU.Build.0 = Release|Any CPU
	EndGlobalSection
	GlobalSection(SolutionProperties) = preSolution
		HideSolutionNode = FALSE
	EndGlobalSection
	GlobalSection(ExtensibilityGlobals) = postSolution
		SolutionGuid = {91BDB01F-7749-41DB-92BD-3D5CF4E2E8A2}
	EndGlobalSection
EndGlobal
