
Microsoft Visual Studio Solution File, Format Version 12.00
# Visual Studio Version 16
VisualStudioVersion = 16.0.31410.357
MinimumVisualStudioVersion = 10.0.40219.1
Project("{FAE04EC0-301F-11D3-BF4B-00C04F79EFBC}") = "Tokenize_a_string_with_escaping", "Tokenize_a_string_with_escaping\Tokenize_a_string_with_escaping.csproj", "{267C638A-3DAB-4601-829A-2D2DF4CC83F0}"
EndProject
Global
	GlobalSection(SolutionConfigurationPlatforms) = preSolution
		Debug|Any CPU = Debug|Any CPU
		Release|Any CPU = Release|Any CPU
	EndGlobalSection
	GlobalSection(ProjectConfigurationPlatforms) = postSolution
		{267C638A-3DAB-4601-829A-2D2DF4CC83F0}.Debug|Any CPU.ActiveCfg = Debug|Any CPU
		{267C638A-3DAB-4601-829A-2D2DF4CC83F0}.Debug|Any CPU.Build.0 = Debug|Any CPU
		{267C638A-3DAB-4601-829A-2D2DF4CC83F0}.Release|Any CPU.ActiveCfg = Release|Any CPU
		{267C638A-3DAB-4601-829A-2D2DF4CC83F0}.Release|Any CPU.Build.0 = Release|Any CPU
	EndGlobalSection
	GlobalSection(SolutionProperties) = preSolution
		HideSolutionNode = FALSE
	EndGlobalSection
	GlobalSection(ExtensibilityGlobals) = postSolution
		SolutionGuid = {EA7DCBD1-4CA7-4407-9C8B-476C9214C659}
	EndGlobalSection
EndGlobal
