
Microsoft Visual Studio Solution File, Format Version 12.00
# Visual Studio Version 16
VisualStudioVersion = 16.0.31410.357
MinimumVisualStudioVersion = 10.0.40219.1
Project("{FAE04EC0-301F-11D3-BF4B-00C04F79EFBC}") = "Banknoten", "Banknoten\Banknoten.csproj", "{A89DEA22-CD86-44D0-8687-80CB636550F4}"
EndProject
Global
	GlobalSection(SolutionConfigurationPlatforms) = preSolution
		Debug|Any CPU = Debug|Any CPU
		Release|Any CPU = Release|Any CPU
	EndGlobalSection
	GlobalSection(ProjectConfigurationPlatforms) = postSolution
		{A89DEA22-CD86-44D0-8687-80CB636550F4}.Debug|Any CPU.ActiveCfg = Debug|Any CPU
		{A89DEA22-CD86-44D0-8687-80CB636550F4}.Debug|Any CPU.Build.0 = Debug|Any CPU
		{A89DEA22-CD86-44D0-8687-80CB636550F4}.Release|Any CPU.ActiveCfg = Release|Any CPU
		{A89DEA22-CD86-44D0-8687-80CB636550F4}.Release|Any CPU.Build.0 = Release|Any CPU
	EndGlobalSection
	GlobalSection(SolutionProperties) = preSolution
		HideSolutionNode = FALSE
	EndGlobalSection
	GlobalSection(ExtensibilityGlobals) = postSolution
		SolutionGuid = {A3F37B1A-6AA2-4D97-B2C5-460296C81527}
	EndGlobalSection
EndGlobal
